
Microsoft Visual Studio Solution File, Format Version 12.00
# Visual Studio Version 16
VisualStudioVersion = 16.0.33214.272
MinimumVisualStudioVersion = 10.0.40219.1
Project("{FAE04EC0-301F-11D3-BF4B-00C04F79EFBC}") = "Data2Check", "Data2Check\Data2Check.csproj", "{A78CBADD-9466-4835-8093-A0204886F2B6}"
EndProject
Global
	GlobalSection(SolutionConfigurationPlatforms) = preSolution
		Debug|Any CPU = Debug|Any CPU
		Release|Any CPU = Release|Any CPU
	EndGlobalSection
	GlobalSection(ProjectConfigurationPlatforms) = postSolution
		{A78CBADD-9466-4835-8093-A0204886F2B6}.Debug|Any CPU.ActiveCfg = Debug|Any CPU
		{A78CBADD-9466-4835-8093-A0204886F2B6}.Debug|Any CPU.Build.0 = Debug|Any CPU
		{A78CBADD-9466-4835-8093-A0204886F2B6}.Release|Any CPU.ActiveCfg = Release|Any CPU
		{A78CBADD-9466-4835-8093-A0204886F2B6}.Release|Any CPU.Build.0 = Release|Any CPU
	EndGlobalSection
	GlobalSection(SolutionProperties) = preSolution
		HideSolutionNode = FALSE
	EndGlobalSection
	GlobalSection(ExtensibilityGlobals) = postSolution
		SolutionGuid = {22EEB561-E0E7-4611-A679-58AE82DAB1E6}
	EndGlobalSection
EndGlobal
